
Microsoft Visual Studio Solution File, Format Version 12.00
# Visual Studio Version 17
VisualStudioVersion = 17.3.32901.215
MinimumVisualStudioVersion = 10.0.40219.1
Project("{FAE04EC0-301F-11D3-BF4B-00C04F79EFBC}") = "OOP1", "OOP1\OOP1.csproj", "{C74CA594-8A45-43A6-8776-29F9BE9AD249}"
EndProject
Global
	GlobalSection(SolutionConfigurationPlatforms) = preSolution
		Debug|Any CPU = Debug|Any CPU
		Release|Any CPU = Release|Any CPU
	EndGlobalSection
	GlobalSection(ProjectConfigurationPlatforms) = postSolution
		{C74CA594-8A45-43A6-8776-29F9BE9AD249}.Debug|Any CPU.ActiveCfg = Debug|Any CPU
		{C74CA594-8A45-43A6-8776-29F9BE9AD249}.Debug|Any CPU.Build.0 = Debug|Any CPU
		{C74CA594-8A45-43A6-8776-29F9BE9AD249}.Release|Any CPU.ActiveCfg = Release|Any CPU
		{C74CA594-8A45-43A6-8776-29F9BE9AD249}.Release|Any CPU.Build.0 = Release|Any CPU
	EndGlobalSection
	GlobalSection(SolutionProperties) = preSolution
		HideSolutionNode = FALSE
	EndGlobalSection
	GlobalSection(ExtensibilityGlobals) = postSolution
		SolutionGuid = {6D5DB8C5-7147-4113-8524-5FB9090C05C1}
	EndGlobalSection
EndGlobal
